
Microsoft Visual Studio Solution File, Format Version 12.00
# Visual Studio Version 16
VisualStudioVersion = 16.6.30114.105
MinimumVisualStudioVersion = 10.0.40219.1
Project("{FAE04EC0-301F-11D3-BF4B-00C04F79EFBC}") = "CommandGenerator", "CommandGenerator\CommandGenerator.csproj", "{98A78F4E-BC45-45BD-ADEF-818603B6D137}"
EndProject
Project("{FAE04EC0-301F-11D3-BF4B-00C04F79EFBC}") = "CommandGenerator.Tests", "CommandGenerator.Tests\CommandGenerator.Tests.csproj", "{4E229837-35B2-4AB3-B1CA-D9EF39ED8F2F}"
EndProject
Project("{FAE04EC0-301F-11D3-BF4B-00C04F79EFBC}") = "GPSRCmdGen", "GPSRCmdGen\GPSRCmdGen.csproj", "{4289291C-0C08-455A-831D-0479AECBA926}"
EndProject
Global
	GlobalSection(SolutionConfigurationPlatforms) = preSolution
		Debug|Any CPU = Debug|Any CPU
		Debug|x64 = Debug|x64
		Debug|x86 = Debug|x86
		Release|Any CPU = Release|Any CPU
		Release|x64 = Release|x64
		Release|x86 = Release|x86
	EndGlobalSection
	GlobalSection(SolutionProperties) = preSolution
		HideSolutionNode = FALSE
	EndGlobalSection
	GlobalSection(ProjectConfigurationPlatforms) = postSolution
		{98A78F4E-BC45-45BD-ADEF-818603B6D137}.Debug|Any CPU.ActiveCfg = Debug|Any CPU
		{98A78F4E-BC45-45BD-ADEF-818603B6D137}.Debug|Any CPU.Build.0 = Debug|Any CPU
		{98A78F4E-BC45-45BD-ADEF-818603B6D137}.Debug|x64.ActiveCfg = Debug|Any CPU
		{98A78F4E-BC45-45BD-ADEF-818603B6D137}.Debug|x64.Build.0 = Debug|Any CPU
		{98A78F4E-BC45-45BD-ADEF-818603B6D137}.Debug|x86.ActiveCfg = Debug|Any CPU
		{98A78F4E-BC45-45BD-ADEF-818603B6D137}.Debug|x86.Build.0 = Debug|Any CPU
		{98A78F4E-BC45-45BD-ADEF-818603B6D137}.Release|Any CPU.ActiveCfg = Release|Any CPU
		{98A78F4E-BC45-45BD-ADEF-818603B6D137}.Release|Any CPU.Build.0 = Release|Any CPU
		{98A78F4E-BC45-45BD-ADEF-818603B6D137}.Release|x64.ActiveCfg = Release|Any CPU
		{98A78F4E-BC45-45BD-ADEF-818603B6D137}.Release|x64.Build.0 = Release|Any CPU
		{98A78F4E-BC45-45BD-ADEF-818603B6D137}.Release|x86.ActiveCfg = Release|Any CPU
		{98A78F4E-BC45-45BD-ADEF-818603B6D137}.Release|x86.Build.0 = Release|Any CPU
		{4E229837-35B2-4AB3-B1CA-D9EF39ED8F2F}.Debug|Any CPU.ActiveCfg = Debug|Any CPU
		{4E229837-35B2-4AB3-B1CA-D9EF39ED8F2F}.Debug|Any CPU.Build.0 = Debug|Any CPU
		{4E229837-35B2-4AB3-B1CA-D9EF39ED8F2F}.Debug|x64.ActiveCfg = Debug|Any CPU
		{4E229837-35B2-4AB3-B1CA-D9EF39ED8F2F}.Debug|x64.Build.0 = Debug|Any CPU
		{4E229837-35B2-4AB3-B1CA-D9EF39ED8F2F}.Debug|x86.ActiveCfg = Debug|Any CPU
		{4E229837-35B2-4AB3-B1CA-D9EF39ED8F2F}.Debug|x86.Build.0 = Debug|Any CPU
		{4E229837-35B2-4AB3-B1CA-D9EF39ED8F2F}.Release|Any CPU.ActiveCfg = Release|Any CPU
		{4E229837-35B2-4AB3-B1CA-D9EF39ED8F2F}.Release|Any CPU.Build.0 = Release|Any CPU
		{4E229837-35B2-4AB3-B1CA-D9EF39ED8F2F}.Release|x64.ActiveCfg = Release|Any CPU
		{4E229837-35B2-4AB3-B1CA-D9EF39ED8F2F}.Release|x64.Build.0 = Release|Any CPU
		{4E229837-35B2-4AB3-B1CA-D9EF39ED8F2F}.Release|x86.ActiveCfg = Release|Any CPU
		{4E229837-35B2-4AB3-B1CA-D9EF39ED8F2F}.Release|x86.Build.0 = Release|Any CPU
		{4289291C-0C08-455A-831D-0479AECBA926}.Debug|Any CPU.ActiveCfg = Debug|Any CPU
		{4289291C-0C08-455A-831D-0479AECBA926}.Debug|Any CPU.Build.0 = Debug|Any CPU
		{4289291C-0C08-455A-831D-0479AECBA926}.Debug|x64.ActiveCfg = Debug|Any CPU
		{4289291C-0C08-455A-831D-0479AECBA926}.Debug|x64.Build.0 = Debug|Any CPU
		{4289291C-0C08-455A-831D-0479AECBA926}.Debug|x86.ActiveCfg = Debug|Any CPU
		{4289291C-0C08-455A-831D-0479AECBA926}.Debug|x86.Build.0 = Debug|Any CPU
		{4289291C-0C08-455A-831D-0479AECBA926}.Release|Any CPU.ActiveCfg = Release|Any CPU
		{4289291C-0C08-455A-831D-0479AECBA926}.Release|Any CPU.Build.0 = Release|Any CPU
		{4289291C-0C08-455A-831D-0479AECBA926}.Release|x64.ActiveCfg = Release|Any CPU
		{4289291C-0C08-455A-831D-0479AECBA926}.Release|x64.Build.0 = Release|Any CPU
		{4289291C-0C08-455A-831D-0479AECBA926}.Release|x86.ActiveCfg = Release|Any CPU
		{4289291C-0C08-455A-831D-0479AECBA926}.Release|x86.Build.0 = Release|Any CPU
	EndGlobalSection
EndGlobal
